version: 2.0
shards:
  ameba:
    git: https://github.com/crystal-ameba/ameba.git
    version: 1.5.0

  cling:
    git: https://github.com/danielgilchrist/cling.git
    version: 3.0.0+git.commit.a8b075aafa18ca3db441a234cde7fff3ec4fdf5e

  spectator:
    git: https://gitlab.com/arctic-fox/spectator.git
    version: 0.11.6

