version: 2.0
shards:
  ameba:
    git: https://github.com/crystal-ameba/ameba.git
    version: 1.6.0

  cling:
    git: https://github.com/devnote-dev/cling.git
    version: 3.0.0+git.commit.279db9a67b3724821842d9b4870050a05269a347

  spectator:
    git: https://gitlab.com/arctic-fox/spectator.git
    version: 0.11.7

